// !$*UTF8*$!
{
	archiveVersion = 1;
	classes = {
	};
	objectVersion = 56;
	objects = {

/* Begin PBXBuildFile section */
		3133F4AB2C841E4800F7B9CF /* HighscoreScene.swift in Sources */ = {isa = PBXBuildFile; fileRef = 3133F4AA2C841E4800F7B9CF /* HighscoreScene.swift */; };
		31351A1B2C6AB4EF006B0936 /* MainMenu.swift in Sources */ = {isa = PBXBuildFile; fileRef = 31351A1A2C6AB4EF006B0936 /* MainMenu.swift */; };
		315D3E582C85B8BF00463A8F /* splash.gif in Resources */ = {isa = PBXBuildFile; fileRef = 315D3E572C85B8BF00463A8F /* splash.gif */; };
		315D3E5A2C85B90100463A8F /* SplashScreen.swift in Sources */ = {isa = PBXBuildFile; fileRef = 315D3E592C85B90100463A8F /* SplashScreen.swift */; };
		315D3E5C2C85B96900463A8F /* Gif+UIImage.swift in Sources */ = {isa = PBXBuildFile; fileRef = 315D3E5B2C85B96900463A8F /* Gif+UIImage.swift */; };
		315D3E5E2C863BD200463A8F /* Launch Screen.storyboard in Resources */ = {isa = PBXBuildFile; fileRef = 315D3E5D2C863BD200463A8F /* Launch Screen.storyboard */; };
		31750C3E2CA2355100453623 /* munch.mp3 in Resources */ = {isa = PBXBuildFile; fileRef = 31750C3D2CA2355100453623 /* munch.mp3 */; };
		31858E592C4483D7008864A6 /* kickitApp.swift in Sources */ = {isa = PBXBuildFile; fileRef = 31858E582C4483D7008864A6 /* kickitApp.swift */; };
		31858E5B2C4483D7008864A6 /* ContentView.swift in Sources */ = {isa = PBXBuildFile; fileRef = 31858E5A2C4483D7008864A6 /* ContentView.swift */; };
		31858E5D2C4483DB008864A6 /* Assets.xcassets in Resources */ = {isa = PBXBuildFile; fileRef = 31858E5C2C4483DB008864A6 /* Assets.xcassets */; };
		31858E602C4483DB008864A6 /* Preview Assets.xcassets in Resources */ = {isa = PBXBuildFile; fileRef = 31858E5F2C4483DB008864A6 /* Preview Assets.xcassets */; };
		31858E6B2C465755008864A6 /* GameScene.swift in Sources */ = {isa = PBXBuildFile; fileRef = 31858E6A2C465755008864A6 /* GameScene.swift */; };
		31858E6D2C466136008864A6 /* Hashable.swift in Sources */ = {isa = PBXBuildFile; fileRef = 31858E6C2C466135008864A6 /* Hashable.swift */; };
		318B6E222C58282800935D23 /* backgroundMusic.mp3 in Resources */ = {isa = PBXBuildFile; fileRef = 318B6E212C58282700935D23 /* backgroundMusic.mp3 */; };
		31A27C2B2C64319900448DB9 /* GameCenterManager.swift in Sources */ = {isa = PBXBuildFile; fileRef = 31A27C2A2C64319900448DB9 /* GameCenterManager.swift */; };
		31AC8B122C89465B005B4BB3 /* money.mp3 in Resources */ = {isa = PBXBuildFile; fileRef = 31AC8B112C89465B005B4BB3 /* money.mp3 */; };
		31AC8B142C8946C4005B4BB3 /* opp.mp3 in Resources */ = {isa = PBXBuildFile; fileRef = 31AC8B132C8946C4005B4BB3 /* opp.mp3 */; };
/* End PBXBuildFile section */

/* Begin PBXFileReference section */
		3133F4AA2C841E4800F7B9CF /* HighscoreScene.swift */ = {isa = PBXFileReference; lastKnownFileType = sourcecode.swift; path = HighscoreScene.swift; sourceTree = "<group>"; };
		31351A1A2C6AB4EF006B0936 /* MainMenu.swift */ = {isa = PBXFileReference; lastKnownFileType = sourcecode.swift; path = MainMenu.swift; sourceTree = "<group>"; };
		315D3E572C85B8BF00463A8F /* splash.gif */ = {isa = PBXFileReference; lastKnownFileType = image.gif; path = splash.gif; sourceTree = "<group>"; };
		315D3E592C85B90100463A8F /* SplashScreen.swift */ = {isa = PBXFileReference; lastKnownFileType = sourcecode.swift; path = SplashScreen.swift; sourceTree = "<group>"; };
		315D3E5B2C85B96900463A8F /* Gif+UIImage.swift */ = {isa = PBXFileReference; lastKnownFileType = sourcecode.swift; path = "Gif+UIImage.swift"; sourceTree = "<group>"; };
		315D3E5D2C863BD200463A8F /* Launch Screen.storyboard */ = {isa = PBXFileReference; lastKnownFileType = file.storyboard; path = "Launch Screen.storyboard"; sourceTree = "<group>"; };
		31750C3D2CA2355100453623 /* munch.mp3 */ = {isa = PBXFileReference; lastKnownFileType = audio.mp3; path = munch.mp3; sourceTree = "<group>"; };
		31858E552C4483D7008864A6 /* kickit.app */ = {isa = PBXFileReference; explicitFileType = wrapper.application; includeInIndex = 0; path = kickit.app; sourceTree = BUILT_PRODUCTS_DIR; };
		31858E582C4483D7008864A6 /* kickitApp.swift */ = {isa = PBXFileReference; lastKnownFileType = sourcecode.swift; path = kickitApp.swift; sourceTree = "<group>"; };
		31858E5A2C4483D7008864A6 /* ContentView.swift */ = {isa = PBXFileReference; lastKnownFileType = sourcecode.swift; path = ContentView.swift; sourceTree = "<group>"; };
		31858E5C2C4483DB008864A6 /* Assets.xcassets */ = {isa = PBXFileReference; lastKnownFileType = folder.assetcatalog; path = Assets.xcassets; sourceTree = "<group>"; };
		31858E5F2C4483DB008864A6 /* Preview Assets.xcassets */ = {isa = PBXFileReference; lastKnownFileType = folder.assetcatalog; path = "Preview Assets.xcassets"; sourceTree = "<group>"; };
		31858E6A2C465755008864A6 /* GameScene.swift */ = {isa = PBXFileReference; lastKnownFileType = sourcecode.swift; name = GameScene.swift; path = GameScene/GameScene.swift; sourceTree = "<group>"; };
		31858E6C2C466135008864A6 /* Hashable.swift */ = {isa = PBXFileReference; lastKnownFileType = sourcecode.swift; path = Hashable.swift; sourceTree = "<group>"; };
		318B6E212C58282700935D23 /* backgroundMusic.mp3 */ = {isa = PBXFileReference; lastKnownFileType = audio.mp3; path = backgroundMusic.mp3; sourceTree = "<group>"; };
		31A27C292C642E4C00448DB9 /* kickit.entitlements */ = {isa = PBXFileReference; lastKnownFileType = text.plist.entitlements; path = kickit.entitlements; sourceTree = "<group>"; };
		31A27C2A2C64319900448DB9 /* GameCenterManager.swift */ = {isa = PBXFileReference; lastKnownFileType = sourcecode.swift; path = GameCenterManager.swift; sourceTree = "<group>"; };
		31AC8B112C89465B005B4BB3 /* money.mp3 */ = {isa = PBXFileReference; lastKnownFileType = audio.mp3; path = money.mp3; sourceTree = "<group>"; };
		31AC8B132C8946C4005B4BB3 /* opp.mp3 */ = {isa = PBXFileReference; lastKnownFileType = audio.mp3; path = opp.mp3; sourceTree = "<group>"; };
/* End PBXFileReference section */

/* Begin PBXFrameworksBuildPhase section */
		31858E522C4483D7008864A6 /* Frameworks */ = {
			isa = PBXFrameworksBuildPhase;
			buildActionMask = 2147483647;
			files = (
			);
			runOnlyForDeploymentPostprocessing = 0;
		};
/* End PBXFrameworksBuildPhase section */

/* Begin PBXGroup section */
		31858E4C2C4483D7008864A6 = {
			isa = PBXGroup;
			children = (
				31858E572C4483D7008864A6 /* kickit */,
				31858E562C4483D7008864A6 /* Products */,
			);
			sourceTree = "<group>";
		};
		31858E562C4483D7008864A6 /* Products */ = {
			isa = PBXGroup;
			children = (
				31858E552C4483D7008864A6 /* kickit.app */,
			);
			name = Products;
			sourceTree = "<group>";
		};
		31858E572C4483D7008864A6 /* kickit */ = {
			isa = PBXGroup;
			children = (
				31A27C292C642E4C00448DB9 /* kickit.entitlements */,
				315D3E592C85B90100463A8F /* SplashScreen.swift */,
				31858E582C4483D7008864A6 /* kickitApp.swift */,
				31351A1A2C6AB4EF006B0936 /* MainMenu.swift */,
				31858E5A2C4483D7008864A6 /* ContentView.swift */,
				315D3E5D2C863BD200463A8F /* Launch Screen.storyboard */,
				31858E6C2C466135008864A6 /* Hashable.swift */,
				31A27C2A2C64319900448DB9 /* GameCenterManager.swift */,
				31858E6A2C465755008864A6 /* GameScene.swift */,
				3133F4AA2C841E4800F7B9CF /* HighscoreScene.swift */,
				315D3E5B2C85B96900463A8F /* Gif+UIImage.swift */,
				31858E5C2C4483DB008864A6 /* Assets.xcassets */,
				318B6E212C58282700935D23 /* backgroundMusic.mp3 */,
				315D3E572C85B8BF00463A8F /* splash.gif */,
				31AC8B112C89465B005B4BB3 /* money.mp3 */,
				31AC8B132C8946C4005B4BB3 /* opp.mp3 */,
				31750C3D2CA2355100453623 /* munch.mp3 */,
				31858E5E2C4483DB008864A6 /* Preview Content */,
			);
			path = kickit;
			sourceTree = "<group>";
		};
		31858E5E2C4483DB008864A6 /* Preview Content */ = {
			isa = PBXGroup;
			children = (
				31858E5F2C4483DB008864A6 /* Preview Assets.xcassets */,
			);
			path = "Preview Content";
			sourceTree = "<group>";
		};
/* End PBXGroup section */

/* Begin PBXNativeTarget section */
		31858E542C4483D7008864A6 /* kickit */ = {
			isa = PBXNativeTarget;
			buildConfigurationList = 31858E632C4483DB008864A6 /* Build configuration list for PBXNativeTarget "kickit" */;
			buildPhases = (
				31858E512C4483D7008864A6 /* Sources */,
				31858E522C4483D7008864A6 /* Frameworks */,
				31858E532C4483D7008864A6 /* Resources */,
			);
			buildRules = (
			);
			dependencies = (
			);
			name = kickit;
			productName = kickit;
			productReference = 31858E552C4483D7008864A6 /* kickit.app */;
			productType = "com.apple.product-type.application";
		};
/* End PBXNativeTarget section */

/* Begin PBXProject section */
		31858E4D2C4483D7008864A6 /* Project object */ = {
			isa = PBXProject;
			attributes = {
				BuildIndependentTargetsInParallel = 1;
				LastSwiftUpdateCheck = 1520;
				LastUpgradeCheck = 1520;
				TargetAttributes = {
					31858E542C4483D7008864A6 = {
						CreatedOnToolsVersion = 15.2;
					};
				};
			};
			buildConfigurationList = 31858E502C4483D7008864A6 /* Build configuration list for PBXProject "kickit" */;
			compatibilityVersion = "Xcode 14.0";
			developmentRegion = en;
			hasScannedForEncodings = 0;
			knownRegions = (
				en,
				Base,
			);
			mainGroup = 31858E4C2C4483D7008864A6;
			productRefGroup = 31858E562C4483D7008864A6 /* Products */;
			projectDirPath = "";
			projectRoot = "";
			targets = (
				31858E542C4483D7008864A6 /* kickit */,
			);
		};
/* End PBXProject section */

/* Begin PBXResourcesBuildPhase section */
		31858E532C4483D7008864A6 /* Resources */ = {
			isa = PBXResourcesBuildPhase;
			buildActionMask = 2147483647;
			files = (
				31AC8B122C89465B005B4BB3 /* money.mp3 in Resources */,
				31858E602C4483DB008864A6 /* Preview Assets.xcassets in Resources */,
				31750C3E2CA2355100453623 /* munch.mp3 in Resources */,
				315D3E582C85B8BF00463A8F /* splash.gif in Resources */,
				31AC8B142C8946C4005B4BB3 /* opp.mp3 in Resources */,
				31858E5D2C4483DB008864A6 /* Assets.xcassets in Resources */,
				315D3E5E2C863BD200463A8F /* Launch Screen.storyboard in Resources */,
				318B6E222C58282800935D23 /* backgroundMusic.mp3 in Resources */,
			);
			runOnlyForDeploymentPostprocessing = 0;
		};
/* End PBXResourcesBuildPhase section */

/* Begin PBXSourcesBuildPhase section */
		31858E512C4483D7008864A6 /* Sources */ = {
			isa = PBXSourcesBuildPhase;
			buildActionMask = 2147483647;
			files = (
				315D3E5C2C85B96900463A8F /* Gif+UIImage.swift in Sources */,
				315D3E5A2C85B90100463A8F /* SplashScreen.swift in Sources */,
				31A27C2B2C64319900448DB9 /* GameCenterManager.swift in Sources */,
				31351A1B2C6AB4EF006B0936 /* MainMenu.swift in Sources */,
				31858E5B2C4483D7008864A6 /* ContentView.swift in Sources */,
				31858E6D2C466136008864A6 /* Hashable.swift in Sources */,
				3133F4AB2C841E4800F7B9CF /* HighscoreScene.swift in Sources */,
				31858E6B2C465755008864A6 /* GameScene.swift in Sources */,
				31858E592C4483D7008864A6 /* kickitApp.swift in Sources */,
			);
			runOnlyForDeploymentPostprocessing = 0;
		};
/* End PBXSourcesBuildPhase section */

/* Begin XCBuildConfiguration section */
		31858E612C4483DB008864A6 /* Debug */ = {
			isa = XCBuildConfiguration;
			buildSettings = {
				ALWAYS_SEARCH_USER_PATHS = NO;
				ASSETCATALOG_COMPILER_GENERATE_SWIFT_ASSET_SYMBOL_EXTENSIONS = YES;
				CLANG_ANALYZER_NONNULL = YES;
				CLANG_ANALYZER_NUMBER_OBJECT_CONVERSION = YES_AGGRESSIVE;
				CLANG_CXX_LANGUAGE_STANDARD = "gnu++20";
				CLANG_ENABLE_MODULES = YES;
				CLANG_ENABLE_OBJC_ARC = YES;
				CLANG_ENABLE_OBJC_WEAK = YES;
				CLANG_WARN_BLOCK_CAPTURE_AUTORELEASING = YES;
				CLANG_WARN_BOOL_CONVERSION = YES;
				CLANG_WARN_COMMA = YES;
				CLANG_WARN_CONSTANT_CONVERSION = YES;
				CLANG_WARN_DEPRECATED_OBJC_IMPLEMENTATIONS = YES;
				CLANG_WARN_DIRECT_OBJC_ISA_USAGE = YES_ERROR;
				CLANG_WARN_DOCUMENTATION_COMMENTS = YES;
				CLANG_WARN_EMPTY_BODY = YES;
				CLANG_WARN_ENUM_CONVERSION = YES;
				CLANG_WARN_INFINITE_RECURSION = YES;
				CLANG_WARN_INT_CONVERSION = YES;
				CLANG_WARN_NON_LITERAL_NULL_CONVERSION = YES;
				CLANG_WARN_OBJC_IMPLICIT_RETAIN_SELF = YES;
				CLANG_WARN_OBJC_LITERAL_CONVERSION = YES;
				CLANG_WARN_OBJC_ROOT_CLASS = YES_ERROR;
				CLANG_WARN_QUOTED_INCLUDE_IN_FRAMEWORK_HEADER = YES;
				CLANG_WARN_RANGE_LOOP_ANALYSIS = YES;
				CLANG_WARN_STRICT_PROTOTYPES = YES;
				CLANG_WARN_SUSPICIOUS_MOVE = YES;
				CLANG_WARN_UNGUARDED_AVAILABILITY = YES_AGGRESSIVE;
				CLANG_WARN_UNREACHABLE_CODE = YES;
				CLANG_WARN__DUPLICATE_METHOD_MATCH = YES;
				COPY_PHASE_STRIP = NO;
				DEBUG_INFORMATION_FORMAT = dwarf;
				ENABLE_STRICT_OBJC_MSGSEND = YES;
				ENABLE_TESTABILITY = YES;
				ENABLE_USER_SCRIPT_SANDBOXING = YES;
				GCC_C_LANGUAGE_STANDARD = gnu17;
				GCC_DYNAMIC_NO_PIC = NO;
				GCC_NO_COMMON_BLOCKS = YES;
				GCC_OPTIMIZATION_LEVEL = 0;
				GCC_PREPROCESSOR_DEFINITIONS = (
					"DEBUG=1",
					"$(inherited)",
				);
				GCC_WARN_64_TO_32_BIT_CONVERSION = YES;
				GCC_WARN_ABOUT_RETURN_TYPE = YES_ERROR;
				GCC_WARN_UNDECLARED_SELECTOR = YES;
				GCC_WARN_UNINITIALIZED_AUTOS = YES_AGGRESSIVE;
				GCC_WARN_UNUSED_FUNCTION = YES;
				GCC_WARN_UNUSED_VARIABLE = YES;
				IPHONEOS_DEPLOYMENT_TARGET = 17.2;
				LOCALIZATION_PREFERS_STRING_CATALOGS = YES;
				MTL_ENABLE_DEBUG_INFO = INCLUDE_SOURCE;
				MTL_FAST_MATH = YES;
				ONLY_ACTIVE_ARCH = YES;
				SDKROOT = iphoneos;
				SWIFT_ACTIVE_COMPILATION_CONDITIONS = "DEBUG $(inherited)";
				SWIFT_OPTIMIZATION_LEVEL = "-Onone";
			};
			name = Debug;
		};
		31858E622C4483DB008864A6 /* Release */ = {
			isa = XCBuildConfiguration;
			buildSettings = {
				ALWAYS_SEARCH_USER_PATHS = NO;
				ASSETCATALOG_COMPILER_GENERATE_SWIFT_ASSET_SYMBOL_EXTENSIONS = YES;
				CLANG_ANALYZER_NONNULL = YES;
				CLANG_ANALYZER_NUMBER_OBJECT_CONVERSION = YES_AGGRESSIVE;
				CLANG_CXX_LANGUAGE_STANDARD = "gnu++20";
				CLANG_ENABLE_MODULES = YES;
				CLANG_ENABLE_OBJC_ARC = YES;
				CLANG_ENABLE_OBJC_WEAK = YES;
				CLANG_WARN_BLOCK_CAPTURE_AUTORELEASING = YES;
				CLANG_WARN_BOOL_CONVERSION = YES;
				CLANG_WARN_COMMA = YES;
				CLANG_WARN_CONSTANT_CONVERSION = YES;
				CLANG_WARN_DEPRECATED_OBJC_IMPLEMENTATIONS = YES;
				CLANG_WARN_DIRECT_OBJC_ISA_USAGE = YES_ERROR;
				CLANG_WARN_DOCUMENTATION_COMMENTS = YES;
				CLANG_WARN_EMPTY_BODY = YES;
				CLANG_WARN_ENUM_CONVERSION = YES;
				CLANG_WARN_INFINITE_RECURSION = YES;
				CLANG_WARN_INT_CONVERSION = YES;
				CLANG_WARN_NON_LITERAL_NULL_CONVERSION = YES;
				CLANG_WARN_OBJC_IMPLICIT_RETAIN_SELF = YES;
				CLANG_WARN_OBJC_LITERAL_CONVERSION = YES;
				CLANG_WARN_OBJC_ROOT_CLASS = YES_ERROR;
				CLANG_WARN_QUOTED_INCLUDE_IN_FRAMEWORK_HEADER = YES;
				CLANG_WARN_RANGE_LOOP_ANALYSIS = YES;
				CLANG_WARN_STRICT_PROTOTYPES = YES;
				CLANG_WARN_SUSPICIOUS_MOVE = YES;
				CLANG_WARN_UNGUARDED_AVAILABILITY = YES_AGGRESSIVE;
				CLANG_WARN_UNREACHABLE_CODE = YES;
				CLANG_WARN__DUPLICATE_METHOD_MATCH = YES;
				COPY_PHASE_STRIP = NO;
				DEBUG_INFORMATION_FORMAT = "dwarf-with-dsym";
				ENABLE_NS_ASSERTIONS = NO;
				ENABLE_STRICT_OBJC_MSGSEND = YES;
				ENABLE_USER_SCRIPT_SANDBOXING = YES;
				GCC_C_LANGUAGE_STANDARD = gnu17;
				GCC_NO_COMMON_BLOCKS = YES;
				GCC_WARN_64_TO_32_BIT_CONVERSION = YES;
				GCC_WARN_ABOUT_RETURN_TYPE = YES_ERROR;
				GCC_WARN_UNDECLARED_SELECTOR = YES;
				GCC_WARN_UNINITIALIZED_AUTOS = YES_AGGRESSIVE;
				GCC_WARN_UNUSED_FUNCTION = YES;
				GCC_WARN_UNUSED_VARIABLE = YES;
				IPHONEOS_DEPLOYMENT_TARGET = 17.2;
				LOCALIZATION_PREFERS_STRING_CATALOGS = YES;
				MTL_ENABLE_DEBUG_INFO = NO;
				MTL_FAST_MATH = YES;
				SDKROOT = iphoneos;
				SWIFT_COMPILATION_MODE = wholemodule;
				VALIDATE_PRODUCT = YES;
			};
			name = Release;
		};
		31858E642C4483DB008864A6 /* Debug */ = {
			isa = XCBuildConfiguration;
			buildSettings = {
				ASSETCATALOG_COMPILER_APPICON_NAME = AppIcon;
				ASSETCATALOG_COMPILER_GLOBAL_ACCENT_COLOR_NAME = AccentColor;
				CODE_SIGN_ENTITLEMENTS = kickit/kickit.entitlements;
				CODE_SIGN_STYLE = Automatic;
				CURRENT_PROJECT_VERSION = 2;
				DEVELOPMENT_ASSET_PATHS = "\"kickit/Preview Content\"";
				DEVELOPMENT_TEAM = 7PJNZT4YR2;
				ENABLE_PREVIEWS = YES;
				GENERATE_INFOPLIST_FILE = YES;
				INFOPLIST_KEY_CFBundleDisplayName = kickit.;
				INFOPLIST_KEY_UIApplicationSceneManifest_Generation = YES;
				INFOPLIST_KEY_UIApplicationSupportsIndirectInputEvents = YES;
				INFOPLIST_KEY_UILaunchScreen_Generation = YES;
				INFOPLIST_KEY_UILaunchStoryboardName = "Launch Screen.storyboard";
				INFOPLIST_KEY_UISupportedInterfaceOrientations = "UIInterfaceOrientationLandscapeLeft UIInterfaceOrientationLandscapeRight UIInterfaceOrientationPortrait";
				INFOPLIST_KEY_UISupportedInterfaceOrientations_iPad = "UIInterfaceOrientationLandscapeLeft UIInterfaceOrientationLandscapeRight UIInterfaceOrientationPortrait UIInterfaceOrientationPortraitUpsideDown";
				LD_RUNPATH_SEARCH_PATHS = (
					"$(inherited)",
					"@executable_path/Frameworks",
				);
				MARKETING_VERSION = 4.1;
				PRODUCT_BUNDLE_IDENTIFIER = ysdwysd;
				PRODUCT_NAME = "$(TARGET_NAME)";
				SWIFT_EMIT_LOC_STRINGS = YES;
				SWIFT_VERSION = 5.0;
				TARGETED_DEVICE_FAMILY = "1,2";
			};
			name = Debug;
		};
		31858E652C4483DB008864A6 /* Release */ = {
			isa = XCBuildConfiguration;
			buildSettings = {
				ASSETCATALOG_COMPILER_APPICON_NAME = AppIcon;
				ASSETCATALOG_COMPILER_GLOBAL_ACCENT_COLOR_NAME = AccentColor;
				CODE_SIGN_ENTITLEMENTS = kickit/kickit.entitlements;
				CODE_SIGN_STYLE = Automatic;
				CURRENT_PROJECT_VERSION = 2;
				DEVELOPMENT_ASSET_PATHS = "\"kickit/Preview Content\"";
				DEVELOPMENT_TEAM = 7PJNZT4YR2;
				ENABLE_PREVIEWS = YES;
				GENERATE_INFOPLIST_FILE = YES;
				INFOPLIST_KEY_CFBundleDisplayName = kickit.;
				INFOPLIST_KEY_UIApplicationSceneManifest_Generation = YES;
				INFOPLIST_KEY_UIApplicationSupportsIndirectInputEvents = YES;
				INFOPLIST_KEY_UILaunchScreen_Generation = YES;
				INFOPLIST_KEY_UILaunchStoryboardName = "Launch Screen.storyboard";
				INFOPLIST_KEY_UISupportedInterfaceOrientations = "UIInterfaceOrientationLandscapeLeft UIInterfaceOrientationLandscapeRight UIInterfaceOrientationPortrait";
				INFOPLIST_KEY_UISupportedInterfaceOrientations_iPad = "UIInterfaceOrientationLandscapeLeft UIInterfaceOrientationLandscapeRight UIInterfaceOrientationPortrait UIInterfaceOrientationPortraitUpsideDown";
				LD_RUNPATH_SEARCH_PATHS = (
					"$(inherited)",
					"@executable_path/Frameworks",
				);
				MARKETING_VERSION = 4.1;
				PRODUCT_BUNDLE_IDENTIFIER = ysdwysd;
				PRODUCT_NAME = "$(TARGET_NAME)";
				SWIFT_EMIT_LOC_STRINGS = YES;
				SWIFT_VERSION = 5.0;
				TARGETED_DEVICE_FAMILY = "1,2";
			};
			name = Release;
		};
/* End XCBuildConfiguration section */

/* Begin XCConfigurationList section */
		31858E502C4483D7008864A6 /* Build configuration list for PBXProject "kickit" */ = {
			isa = XCConfigurationList;
			buildConfigurations = (
				31858E612C4483DB008864A6 /* Debug */,
				31858E622C4483DB008864A6 /* Release */,
			);
			defaultConfigurationIsVisible = 0;
			defaultConfigurationName = Release;
		};
		31858E632C4483DB008864A6 /* Build configuration list for PBXNativeTarget "kickit" */ = {
			isa = XCConfigurationList;
			buildConfigurations = (
				31858E642C4483DB008864A6 /* Debug */,
				31858E652C4483DB008864A6 /* Release */,
			);
			defaultConfigurationIsVisible = 0;
			defaultConfigurationName = Release;
		};
/* End XCConfigurationList section */
	};
	rootObject = 31858E4D2C4483D7008864A6 /* Project object */;
}
